
Microsoft Visual Studio Solution File, Format Version 12.00
# Visual Studio Version 16
VisualStudioVersion = 16.0.29230.47
MinimumVisualStudioVersion = 10.0.40219.1
Project("{FAE04EC0-301F-11D3-BF4B-00C04F79EFBC}") = "Excercise2", "Excercise2\Excercise2.csproj", "{5309DCD2-EFD4-4FDB-A402-CBEA0E7A6A90}"
EndProject
Global
	GlobalSection(SolutionConfigurationPlatforms) = preSolution
		Debug|Any CPU = Debug|Any CPU
		Release|Any CPU = Release|Any CPU
	EndGlobalSection
	GlobalSection(ProjectConfigurationPlatforms) = postSolution
		{5309DCD2-EFD4-4FDB-A402-CBEA0E7A6A90}.Debug|Any CPU.ActiveCfg = Debug|Any CPU
		{5309DCD2-EFD4-4FDB-A402-CBEA0E7A6A90}.Debug|Any CPU.Build.0 = Debug|Any CPU
		{5309DCD2-EFD4-4FDB-A402-CBEA0E7A6A90}.Release|Any CPU.ActiveCfg = Release|Any CPU
		{5309DCD2-EFD4-4FDB-A402-CBEA0E7A6A90}.Release|Any CPU.Build.0 = Release|Any CPU
	EndGlobalSection
	GlobalSection(SolutionProperties) = preSolution
		HideSolutionNode = FALSE
	EndGlobalSection
	GlobalSection(ExtensibilityGlobals) = postSolution
		SolutionGuid = {2ABACADD-E605-496D-BBA6-499C5EBDAB57}
	EndGlobalSection
EndGlobal
