
Microsoft Visual Studio Solution File, Format Version 12.00
# Visual Studio Version 16
VisualStudioVersion = 16.0.29215.179
MinimumVisualStudioVersion = 10.0.40219.1
Project("{FAE04EC0-301F-11D3-BF4B-00C04F79EFBC}") = "cau6_nhan3so", "cau6_nhan3so\cau6_nhan3so.csproj", "{864E7875-C5BE-4A64-8374-7A9BDCD450F6}"
EndProject
Global
	GlobalSection(SolutionConfigurationPlatforms) = preSolution
		Debug|Any CPU = Debug|Any CPU
		Release|Any CPU = Release|Any CPU
	EndGlobalSection
	GlobalSection(ProjectConfigurationPlatforms) = postSolution
		{864E7875-C5BE-4A64-8374-7A9BDCD450F6}.Debug|Any CPU.ActiveCfg = Debug|Any CPU
		{864E7875-C5BE-4A64-8374-7A9BDCD450F6}.Debug|Any CPU.Build.0 = Debug|Any CPU
		{864E7875-C5BE-4A64-8374-7A9BDCD450F6}.Release|Any CPU.ActiveCfg = Release|Any CPU
		{864E7875-C5BE-4A64-8374-7A9BDCD450F6}.Release|Any CPU.Build.0 = Release|Any CPU
	EndGlobalSection
	GlobalSection(SolutionProperties) = preSolution
		HideSolutionNode = FALSE
	EndGlobalSection
	GlobalSection(ExtensibilityGlobals) = postSolution
		SolutionGuid = {C44F2793-8B0A-49CE-B7E9-49386DDCC35E}
	EndGlobalSection
EndGlobal
