
Microsoft Visual Studio Solution File, Format Version 12.00
# Visual Studio Version 16
VisualStudioVersion = 16.0.29215.179
MinimumVisualStudioVersion = 10.0.40219.1
Project("{FAE04EC0-301F-11D3-BF4B-00C04F79EFBC}") = "Classes Student + Teacher", "OOP\Classes Student + Teacher.csproj", "{FAA280C1-D28A-45BE-BB64-9D539B00F8E7}"
EndProject
Project("{FAE04EC0-301F-11D3-BF4B-00C04F79EFBC}") = "PhotoAlbumTarea", "..\New folder\PhotoAlbumTarea\PhotoAlbumTarea.csproj", "{02D1D564-F19C-45DF-9CD6-551E4ABFDD90}"
EndProject
Global
	GlobalSection(SolutionConfigurationPlatforms) = preSolution
		Debug|Any CPU = Debug|Any CPU
		Release|Any CPU = Release|Any CPU
	EndGlobalSection
	GlobalSection(ProjectConfigurationPlatforms) = postSolution
		{FAA280C1-D28A-45BE-BB64-9D539B00F8E7}.Debug|Any CPU.ActiveCfg = Debug|Any CPU
		{FAA280C1-D28A-45BE-BB64-9D539B00F8E7}.Debug|Any CPU.Build.0 = Debug|Any CPU
		{FAA280C1-D28A-45BE-BB64-9D539B00F8E7}.Release|Any CPU.ActiveCfg = Release|Any CPU
		{FAA280C1-D28A-45BE-BB64-9D539B00F8E7}.Release|Any CPU.Build.0 = Release|Any CPU
		{02D1D564-F19C-45DF-9CD6-551E4ABFDD90}.Debug|Any CPU.ActiveCfg = Debug|Any CPU
		{02D1D564-F19C-45DF-9CD6-551E4ABFDD90}.Debug|Any CPU.Build.0 = Debug|Any CPU
		{02D1D564-F19C-45DF-9CD6-551E4ABFDD90}.Release|Any CPU.ActiveCfg = Release|Any CPU
		{02D1D564-F19C-45DF-9CD6-551E4ABFDD90}.Release|Any CPU.Build.0 = Release|Any CPU
	EndGlobalSection
	GlobalSection(SolutionProperties) = preSolution
		HideSolutionNode = FALSE
	EndGlobalSection
	GlobalSection(ExtensibilityGlobals) = postSolution
		SolutionGuid = {4E115F0F-6D4F-4D30-ABCC-40740A11210C}
	EndGlobalSection
EndGlobal
