
Microsoft Visual Studio Solution File, Format Version 12.00
# Visual Studio Version 16
VisualStudioVersion = 16.0.29215.179
MinimumVisualStudioVersion = 10.0.40219.1
Project("{FAE04EC0-301F-11D3-BF4B-00C04F79EFBC}") = "cau18", "cau18\cau18.csproj", "{2F30A305-A565-4F59-9FFA-6443BF382BEC}"
EndProject
Global
	GlobalSection(SolutionConfigurationPlatforms) = preSolution
		Debug|Any CPU = Debug|Any CPU
		Release|Any CPU = Release|Any CPU
	EndGlobalSection
	GlobalSection(ProjectConfigurationPlatforms) = postSolution
		{2F30A305-A565-4F59-9FFA-6443BF382BEC}.Debug|Any CPU.ActiveCfg = Debug|Any CPU
		{2F30A305-A565-4F59-9FFA-6443BF382BEC}.Debug|Any CPU.Build.0 = Debug|Any CPU
		{2F30A305-A565-4F59-9FFA-6443BF382BEC}.Release|Any CPU.ActiveCfg = Release|Any CPU
		{2F30A305-A565-4F59-9FFA-6443BF382BEC}.Release|Any CPU.Build.0 = Release|Any CPU
	EndGlobalSection
	GlobalSection(SolutionProperties) = preSolution
		HideSolutionNode = FALSE
	EndGlobalSection
	GlobalSection(ExtensibilityGlobals) = postSolution
		SolutionGuid = {C077EF5D-ABE2-446B-A2B2-26193A9D3395}
	EndGlobalSection
EndGlobal
