
Microsoft Visual Studio Solution File, Format Version 12.00
# Visual Studio Version 16
VisualStudioVersion = 16.0.29215.179
MinimumVisualStudioVersion = 10.0.40219.1
Project("{9A19103F-16F7-4668-BE54-9A1E7A4F7556}") = "cau9", "cau9.csproj", "{1D2C5669-976C-4D52-BFE0-15D2ADDF37BE}"
EndProject
Global
	GlobalSection(SolutionConfigurationPlatforms) = preSolution
		Debug|Any CPU = Debug|Any CPU
		Release|Any CPU = Release|Any CPU
	EndGlobalSection
	GlobalSection(ProjectConfigurationPlatforms) = postSolution
		{1D2C5669-976C-4D52-BFE0-15D2ADDF37BE}.Debug|Any CPU.ActiveCfg = Debug|Any CPU
		{1D2C5669-976C-4D52-BFE0-15D2ADDF37BE}.Debug|Any CPU.Build.0 = Debug|Any CPU
		{1D2C5669-976C-4D52-BFE0-15D2ADDF37BE}.Release|Any CPU.ActiveCfg = Release|Any CPU
		{1D2C5669-976C-4D52-BFE0-15D2ADDF37BE}.Release|Any CPU.Build.0 = Release|Any CPU
	EndGlobalSection
	GlobalSection(SolutionProperties) = preSolution
		HideSolutionNode = FALSE
	EndGlobalSection
	GlobalSection(ExtensibilityGlobals) = postSolution
		SolutionGuid = {54D32274-3D71-444B-BEA3-CEB04F00C9D7}
	EndGlobalSection
EndGlobal
