
Microsoft Visual Studio Solution File, Format Version 12.00
# Visual Studio Version 16
VisualStudioVersion = 16.0.29215.179
MinimumVisualStudioVersion = 10.0.40219.1
Project("{FAE04EC0-301F-11D3-BF4B-00C04F79EFBC}") = "cau14", "cau14\cau14.csproj", "{7D860AA3-639A-4399-BDA6-F404B0B8A1B9}"
EndProject
Global
	GlobalSection(SolutionConfigurationPlatforms) = preSolution
		Debug|Any CPU = Debug|Any CPU
		Release|Any CPU = Release|Any CPU
	EndGlobalSection
	GlobalSection(ProjectConfigurationPlatforms) = postSolution
		{7D860AA3-639A-4399-BDA6-F404B0B8A1B9}.Debug|Any CPU.ActiveCfg = Debug|Any CPU
		{7D860AA3-639A-4399-BDA6-F404B0B8A1B9}.Debug|Any CPU.Build.0 = Debug|Any CPU
		{7D860AA3-639A-4399-BDA6-F404B0B8A1B9}.Release|Any CPU.ActiveCfg = Release|Any CPU
		{7D860AA3-639A-4399-BDA6-F404B0B8A1B9}.Release|Any CPU.Build.0 = Release|Any CPU
	EndGlobalSection
	GlobalSection(SolutionProperties) = preSolution
		HideSolutionNode = FALSE
	EndGlobalSection
	GlobalSection(ExtensibilityGlobals) = postSolution
		SolutionGuid = {D690AD0F-8429-4D40-ABFE-93E806D33B78}
	EndGlobalSection
EndGlobal
