
Microsoft Visual Studio Solution File, Format Version 12.00
# Visual Studio Version 16
VisualStudioVersion = 16.0.29215.179
MinimumVisualStudioVersion = 10.0.40219.1
Project("{FAE04EC0-301F-11D3-BF4B-00C04F79EFBC}") = "Shapes", "Shapes\Shapes.csproj", "{228309BD-65BC-45A6-979D-12E6650EC8DB}"
EndProject
Global
	GlobalSection(SolutionConfigurationPlatforms) = preSolution
		Debug|Any CPU = Debug|Any CPU
		Release|Any CPU = Release|Any CPU
	EndGlobalSection
	GlobalSection(ProjectConfigurationPlatforms) = postSolution
		{228309BD-65BC-45A6-979D-12E6650EC8DB}.Debug|Any CPU.ActiveCfg = Debug|Any CPU
		{228309BD-65BC-45A6-979D-12E6650EC8DB}.Debug|Any CPU.Build.0 = Debug|Any CPU
		{228309BD-65BC-45A6-979D-12E6650EC8DB}.Release|Any CPU.ActiveCfg = Release|Any CPU
		{228309BD-65BC-45A6-979D-12E6650EC8DB}.Release|Any CPU.Build.0 = Release|Any CPU
	EndGlobalSection
	GlobalSection(SolutionProperties) = preSolution
		HideSolutionNode = FALSE
	EndGlobalSection
	GlobalSection(ExtensibilityGlobals) = postSolution
		SolutionGuid = {A8BC4CFA-D83B-4986-B603-DE1097D99321}
	EndGlobalSection
EndGlobal
